// !$*UTF8*$!
{
	archiveVersion = 1;
	classes = {
	};
	objectVersion = 46;
	objects = {

/* Begin PBXBuildFile section */
		6C8B749F1D95714000820802 /* AppDelegate.swift in Sources */ = {isa = PBXBuildFile; fileRef = 6C8B749E1D95714000820802 /* AppDelegate.swift */; };
		6C8B74A11D95714000820802 /* ViewController.swift in Sources */ = {isa = PBXBuildFile; fileRef = 6C8B74A01D95714000820802 /* ViewController.swift */; };
		6C8B74A41D95714000820802 /* Main.storyboard in Resources */ = {isa = PBXBuildFile; fileRef = 6C8B74A21D95714000820802 /* Main.storyboard */; };
		6C8B74A61D95714000820802 /* Assets.xcassets in Resources */ = {isa = PBXBuildFile; fileRef = 6C8B74A51D95714000820802 /* Assets.xcassets */; };
		6C8B74A91D95714000820802 /* LaunchScreen.storyboard in Resources */ = {isa = PBXBuildFile; fileRef = 6C8B74A71D95714000820802 /* LaunchScreen.storyboard */; };
		6C8B74B41D95714100820802 /* TestPodNumber1Tests.swift in Sources */ = {isa = PBXBuildFile; fileRef = 6C8B74B31D95714100820802 /* TestPodNumber1Tests.swift */; };
/* End PBXBuildFile section */

/* Begin PBXContainerItemProxy section */
		6C8B74B01D95714100820802 /* PBXContainerItemProxy */ = {
			isa = PBXContainerItemProxy;
			containerPortal = 6C8B74931D95714000820802 /* Project object */;
			proxyType = 1;
			remoteGlobalIDString = 6C8B749A1D95714000820802;
			remoteInfo = TestPodNumber1;
		};
/* End PBXContainerItemProxy section */

/* Begin PBXFileReference section */
		6C8B749B1D95714000820802 /* TestPodNumber1.app */ = {isa = PBXFileReference; explicitFileType = wrapper.application; includeInIndex = 0; path = TestPodNumber1.app; sourceTree = BUILT_PRODUCTS_DIR; };
		6C8B749E1D95714000820802 /* AppDelegate.swift */ = {isa = PBXFileReference; lastKnownFileType = sourcecode.swift; path = AppDelegate.swift; sourceTree = "<group>"; };
		6C8B74A01D95714000820802 /* ViewController.swift */ = {isa = PBXFileReference; lastKnownFileType = sourcecode.swift; path = ViewController.swift; sourceTree = "<group>"; };
		6C8B74A31D95714000820802 /* Base */ = {isa = PBXFileReference; lastKnownFileType = file.storyboard; name = Base; path = Base.lproj/Main.storyboard; sourceTree = "<group>"; };
		6C8B74A51D95714000820802 /* Assets.xcassets */ = {isa = PBXFileReference; lastKnownFileType = folder.assetcatalog; path = Assets.xcassets; sourceTree = "<group>"; };
		6C8B74A81D95714000820802 /* Base */ = {isa = PBXFileReference; lastKnownFileType = file.storyboard; name = Base; path = Base.lproj/LaunchScreen.storyboard; sourceTree = "<group>"; };
		6C8B74AA1D95714000820802 /* Info.plist */ = {isa = PBXFileReference; lastKnownFileType = text.plist.xml; path = Info.plist; sourceTree = "<group>"; };
		6C8B74AF1D95714100820802 /* TestPodNumber1Tests.xctest */ = {isa = PBXFileReference; explicitFileType = wrapper.cfbundle; includeInIndex = 0; path = TestPodNumber1Tests.xctest; sourceTree = BUILT_PRODUCTS_DIR; };
		6C8B74B31D95714100820802 /* TestPodNumber1Tests.swift */ = {isa = PBXFileReference; lastKnownFileType = sourcecode.swift; path = TestPodNumber1Tests.swift; sourceTree = "<group>"; };
		6C8B74B51D95714100820802 /* Info.plist */ = {isa = PBXFileReference; lastKnownFileType = text.plist.xml; path = Info.plist; sourceTree = "<group>"; };
/* End PBXFileReference section */

/* Begin PBXFrameworksBuildPhase section */
		6C8B74981D95714000820802 /* Frameworks */ = {
			isa = PBXFrameworksBuildPhase;
			buildActionMask = 2147483647;
			files = (
			);
			runOnlyForDeploymentPostprocessing = 0;
		};
		6C8B74AC1D95714100820802 /* Frameworks */ = {
			isa = PBXFrameworksBuildPhase;
			buildActionMask = 2147483647;
			files = (
			);
			runOnlyForDeploymentPostprocessing = 0;
		};
/* End PBXFrameworksBuildPhase section */

/* Begin PBXGroup section */
		6C8B74921D95714000820802 = {
			isa = PBXGroup;
			children = (
				6C8B749D1D95714000820802 /* TestPodNumber1 */,
				6C8B74B21D95714100820802 /* TestPodNumber1Tests */,
				6C8B749C1D95714000820802 /* Products */,
			);
			sourceTree = "<group>";
		};
		6C8B749C1D95714000820802 /* Products */ = {
			isa = PBXGroup;
			children = (
				6C8B749B1D95714000820802 /* TestPodNumber1.app */,
				6C8B74AF1D95714100820802 /* TestPodNumber1Tests.xctest */,
			);
			name = Products;
			sourceTree = "<group>";
		};
		6C8B749D1D95714000820802 /* TestPodNumber1 */ = {
			isa = PBXGroup;
			children = (
				6C8B749E1D95714000820802 /* AppDelegate.swift */,
				6C8B74A01D95714000820802 /* ViewController.swift */,
				6C8B74A21D95714000820802 /* Main.storyboard */,
				6C8B74A51D95714000820802 /* Assets.xcassets */,
				6C8B74A71D95714000820802 /* LaunchScreen.storyboard */,
				6C8B74AA1D95714000820802 /* Info.plist */,
			);
			path = TestPodNumber1;
			sourceTree = "<group>";
		};
		6C8B74B21D95714100820802 /* TestPodNumber1Tests */ = {
			isa = PBXGroup;
			children = (
				6C8B74B31D95714100820802 /* TestPodNumber1Tests.swift */,
				6C8B74B51D95714100820802 /* Info.plist */,
			);
			path = TestPodNumber1Tests;
			sourceTree = "<group>";
		};
/* End PBXGroup section */

/* Begin PBXNativeTarget section */
		6C8B749A1D95714000820802 /* TestPodNumber1 */ = {
			isa = PBXNativeTarget;
			buildConfigurationList = 6C8B74B81D95714100820802 /* Build configuration list for PBXNativeTarget "TestPodNumber1" */;
			buildPhases = (
				6C8B74971D95714000820802 /* Sources */,
				6C8B74981D95714000820802 /* Frameworks */,
				6C8B74991D95714000820802 /* Resources */,
			);
			buildRules = (
			);
			dependencies = (
			);
			name = TestPodNumber1;
			productName = TestPodNumber1;
			productReference = 6C8B749B1D95714000820802 /* TestPodNumber1.app */;
			productType = "com.apple.product-type.application";
		};
		6C8B74AE1D95714100820802 /* TestPodNumber1Tests */ = {
			isa = PBXNativeTarget;
			buildConfigurationList = 6C8B74BB1D95714100820802 /* Build configuration list for PBXNativeTarget "TestPodNumber1Tests" */;
			buildPhases = (
				6C8B74AB1D95714100820802 /* Sources */,
				6C8B74AC1D95714100820802 /* Frameworks */,
				6C8B74AD1D95714100820802 /* Resources */,
			);
			buildRules = (
			);
			dependencies = (
				6C8B74B11D95714100820802 /* PBXTargetDependency */,
			);
			name = TestPodNumber1Tests;
			productName = TestPodNumber1Tests;
			productReference = 6C8B74AF1D95714100820802 /* TestPodNumber1Tests.xctest */;
			productType = "com.apple.product-type.bundle.unit-test";
		};
/* End PBXNativeTarget section */

/* Begin PBXProject section */
		6C8B74931D95714000820802 /* Project object */ = {
			isa = PBXProject;
			attributes = {
				LastSwiftUpdateCheck = 0730;
				LastUpgradeCheck = 0730;
				ORGANIZATIONNAME = "Miller, Michael";
				TargetAttributes = {
					6C8B749A1D95714000820802 = {
						CreatedOnToolsVersion = 7.3.1;
					};
					6C8B74AE1D95714100820802 = {
						CreatedOnToolsVersion = 7.3.1;
						TestTargetID = 6C8B749A1D95714000820802;
					};
				};
			};
			buildConfigurationList = 6C8B74961D95714000820802 /* Build configuration list for PBXProject "TestPodNumber1" */;
			compatibilityVersion = "Xcode 3.2";
			developmentRegion = English;
			hasScannedForEncodings = 0;
			knownRegions = (
				en,
				Base,
			);
			mainGroup = 6C8B74921D95714000820802;
			productRefGroup = 6C8B749C1D95714000820802 /* Products */;
			projectDirPath = "";
			projectRoot = "";
			targets = (
				6C8B749A1D95714000820802 /* TestPodNumber1 */,
				6C8B74AE1D95714100820802 /* TestPodNumber1Tests */,
			);
		};
/* End PBXProject section */

/* Begin PBXResourcesBuildPhase section */
		6C8B74991D95714000820802 /* Resources */ = {
			isa = PBXResourcesBuildPhase;
			buildActionMask = 2147483647;
			files = (
				6C8B74A91D95714000820802 /* LaunchScreen.storyboard in Resources */,
				6C8B74A61D95714000820802 /* Assets.xcassets in Resources */,
				6C8B74A41D95714000820802 /* Main.storyboard in Resources */,
			);
			runOnlyForDeploymentPostprocessing = 0;
		};
		6C8B74AD1D95714100820802 /* Resources */ = {
			isa = PBXResourcesBuildPhase;
			buildActionMask = 2147483647;
			files = (
			);
			runOnlyForDeploymentPostprocessing = 0;
		};
/* End PBXResourcesBuildPhase section */

/* Begin PBXSourcesBuildPhase section */
		6C8B74971D95714000820802 /* Sources */ = {
			isa = PBXSourcesBuildPhase;
			buildActionMask = 2147483647;
			files = (
				6C8B74A11D95714000820802 /* ViewController.swift in Sources */,
				6C8B749F1D95714000820802 /* AppDelegate.swift in Sources */,
			);
			runOnlyForDeploymentPostprocessing = 0;
		};
		6C8B74AB1D95714100820802 /* Sources */ = {
			isa = PBXSourcesBuildPhase;
			buildActionMask = 2147483647;
			files = (
				6C8B74B41D95714100820802 /* TestPodNumber1Tests.swift in Sources */,
			);
			runOnlyForDeploymentPostprocessing = 0;
		};
/* End PBXSourcesBuildPhase section */

/* Begin PBXTargetDependency section */
		6C8B74B11D95714100820802 /* PBXTargetDependency */ = {
			isa = PBXTargetDependency;
			target = 6C8B749A1D95714000820802 /* TestPodNumber1 */;
			targetProxy = 6C8B74B01D95714100820802 /* PBXContainerItemProxy */;
		};
/* End PBXTargetDependency section */

/* Begin PBXVariantGroup section */
		6C8B74A21D95714000820802 /* Main.storyboard */ = {
			isa = PBXVariantGroup;
			children = (
				6C8B74A31D95714000820802 /* Base */,
			);
			name = Main.storyboard;
			sourceTree = "<group>";
		};
		6C8B74A71D95714000820802 /* LaunchScreen.storyboard */ = {
			isa = PBXVariantGroup;
			children = (
				6C8B74A81D95714000820802 /* Base */,
			);
			name = LaunchScreen.storyboard;
			sourceTree = "<group>";
		};
/* End PBXVariantGroup section */

/* Begin XCBuildConfiguration section */
		6C8B74B61D95714100820802 /* Debug */ = {
			isa = XCBuildConfiguration;
			buildSettings = {
				ALWAYS_SEARCH_USER_PATHS = NO;
				CLANG_ANALYZER_NONNULL = YES;
				CLANG_CXX_LANGUAGE_STANDARD = "gnu++0x";
				CLANG_CXX_LIBRARY = "libc++";
				CLANG_ENABLE_MODULES = YES;
				CLANG_ENABLE_OBJC_ARC = YES;
				CLANG_WARN_BOOL_CONVERSION = YES;
				CLANG_WARN_CONSTANT_CONVERSION = YES;
				CLANG_WARN_DIRECT_OBJC_ISA_USAGE = YES_ERROR;
				CLANG_WARN_EMPTY_BODY = YES;
				CLANG_WARN_ENUM_CONVERSION = YES;
				CLANG_WARN_INT_CONVERSION = YES;
				CLANG_WARN_OBJC_ROOT_CLASS = YES_ERROR;
				CLANG_WARN_UNREACHABLE_CODE = YES;
				CLANG_WARN__DUPLICATE_METHOD_MATCH = YES;
				"CODE_SIGN_IDENTITY[sdk=iphoneos*]" = "iPhone Developer";
				COPY_PHASE_STRIP = NO;
				DEBUG_INFORMATION_FORMAT = dwarf;
				ENABLE_STRICT_OBJC_MSGSEND = YES;
				ENABLE_TESTABILITY = YES;
				GCC_C_LANGUAGE_STANDARD = gnu99;
				GCC_DYNAMIC_NO_PIC = NO;
				GCC_NO_COMMON_BLOCKS = YES;
				GCC_OPTIMIZATION_LEVEL = 0;
				GCC_PREPROCESSOR_DEFINITIONS = (
					"DEBUG=1",
					"$(inherited)",
				);
				GCC_WARN_64_TO_32_BIT_CONVERSION = YES;
				GCC_WARN_ABOUT_RETURN_TYPE = YES_ERROR;
				GCC_WARN_UNDECLARED_SELECTOR = YES;
				GCC_WARN_UNINITIALIZED_AUTOS = YES_AGGRESSIVE;
				GCC_WARN_UNUSED_FUNCTION = YES;
				GCC_WARN_UNUSED_VARIABLE = YES;
				IPHONEOS_DEPLOYMENT_TARGET = 9.3;
				MTL_ENABLE_DEBUG_INFO = YES;
				ONLY_ACTIVE_ARCH = YES;
				SDKROOT = iphoneos;
				SWIFT_OPTIMIZATION_LEVEL = "-Onone";
				TARGETED_DEVICE_FAMILY = "1,2";
			};
			name = Debug;
		};
		6C8B74B71D95714100820802 /* Release */ = {
			isa = XCBuildConfiguration;
			buildSettings = {
				ALWAYS_SEARCH_USER_PATHS = NO;
				CLANG_ANALYZER_NONNULL = YES;
				CLANG_CXX_LANGUAGE_STANDARD = "gnu++0x";
				CLANG_CXX_LIBRARY = "libc++";
				CLANG_ENABLE_MODULES = YES;
				CLANG_ENABLE_OBJC_ARC = YES;
				CLANG_WARN_BOOL_CONVERSION = YES;
				CLANG_WARN_CONSTANT_CONVERSION = YES;
				CLANG_WARN_DIRECT_OBJC_ISA_USAGE = YES_ERROR;
				CLANG_WARN_EMPTY_BODY = YES;
				CLANG_WARN_ENUM_CONVERSION = YES;
				CLANG_WARN_INT_CONVERSION = YES;
				CLANG_WARN_OBJC_ROOT_CLASS = YES_ERROR;
				CLANG_WARN_UNREACHABLE_CODE = YES;
				CLANG_WARN__DUPLICATE_METHOD_MATCH = YES;
				"CODE_SIGN_IDENTITY[sdk=iphoneos*]" = "iPhone Developer";
				COPY_PHASE_STRIP = NO;
				DEBUG_INFORMATION_FORMAT = "dwarf-with-dsym";
				ENABLE_NS_ASSERTIONS = NO;
				ENABLE_STRICT_OBJC_MSGSEND = YES;
				GCC_C_LANGUAGE_STANDARD = gnu99;
				GCC_NO_COMMON_BLOCKS = YES;
				GCC_WARN_64_TO_32_BIT_CONVERSION = YES;
				GCC_WARN_ABOUT_RETURN_TYPE = YES_ERROR;
				GCC_WARN_UNDECLARED_SELECTOR = YES;
				GCC_WARN_UNINITIALIZED_AUTOS = YES_AGGRESSIVE;
				GCC_WARN_UNUSED_FUNCTION = YES;
				GCC_WARN_UNUSED_VARIABLE = YES;
				IPHONEOS_DEPLOYMENT_TARGET = 9.3;
				MTL_ENABLE_DEBUG_INFO = NO;
				SDKROOT = iphoneos;
				TARGETED_DEVICE_FAMILY = "1,2";
				VALIDATE_PRODUCT = YES;
			};
			name = Release;
		};
		6C8B74B91D95714100820802 /* Debug */ = {
			isa = XCBuildConfiguration;
			buildSettings = {
				ASSETCATALOG_COMPILER_APPICON_NAME = AppIcon;
				INFOPLIST_FILE = TestPodNumber1/Info.plist;
				LD_RUNPATH_SEARCH_PATHS = "$(inherited) @executable_path/Frameworks";
				PRODUCT_BUNDLE_IDENTIFIER = com.audible.mikemiller.TestPodNumber1;
				PRODUCT_NAME = "$(TARGET_NAME)";
			};
			name = Debug;
		};
		6C8B74BA1D95714100820802 /* Release */ = {
			isa = XCBuildConfiguration;
			buildSettings = {
				ASSETCATALOG_COMPILER_APPICON_NAME = AppIcon;
				INFOPLIST_FILE = TestPodNumber1/Info.plist;
				LD_RUNPATH_SEARCH_PATHS = "$(inherited) @executable_path/Frameworks";
				PRODUCT_BUNDLE_IDENTIFIER = com.audible.mikemiller.TestPodNumber1;
				PRODUCT_NAME = "$(TARGET_NAME)";
			};
			name = Release;
		};
		6C8B74BC1D95714100820802 /* Debug */ = {
			isa = XCBuildConfiguration;
			buildSettings = {
				BUNDLE_LOADER = "$(TEST_HOST)";
				INFOPLIST_FILE = TestPodNumber1Tests/Info.plist;
				LD_RUNPATH_SEARCH_PATHS = "$(inherited) @executable_path/Frameworks @loader_path/Frameworks";
				PRODUCT_BUNDLE_IDENTIFIER = com.audible.mikemiller.TestPodNumber1Tests;
				PRODUCT_NAME = "$(TARGET_NAME)";
				TEST_HOST = "$(BUILT_PRODUCTS_DIR)/TestPodNumber1.app/TestPodNumber1";
			};
			name = Debug;
		};
		6C8B74BD1D95714100820802 /* Release */ = {
			isa = XCBuildConfiguration;
			buildSettings = {
				BUNDLE_LOADER = "$(TEST_HOST)";
				INFOPLIST_FILE = TestPodNumber1Tests/Info.plist;
				LD_RUNPATH_SEARCH_PATHS = "$(inherited) @executable_path/Frameworks @loader_path/Frameworks";
				PRODUCT_BUNDLE_IDENTIFIER = com.audible.mikemiller.TestPodNumber1Tests;
				PRODUCT_NAME = "$(TARGET_NAME)";
				TEST_HOST = "$(BUILT_PRODUCTS_DIR)/TestPodNumber1.app/TestPodNumber1";
			};
			name = Release;
		};
/* End XCBuildConfiguration section */

/* Begin XCConfigurationList section */
		6C8B74961D95714000820802 /* Build configuration list for PBXProject "TestPodNumber1" */ = {
			isa = XCConfigurationList;
			buildConfigurations = (
				6C8B74B61D95714100820802 /* Debug */,
				6C8B74B71D95714100820802 /* Release */,
			);
			defaultConfigurationIsVisible = 0;
			defaultConfigurationName = Release;
		};
		6C8B74B81D95714100820802 /* Build configuration list for PBXNativeTarget "TestPodNumber1" */ = {
			isa = XCConfigurationList;
			buildConfigurations = (
				6C8B74B91D95714100820802 /* Debug */,
				6C8B74BA1D95714100820802 /* Release */,
			);
			defaultConfigurationIsVisible = 0;
		};
		6C8B74BB1D95714100820802 /* Build configuration list for PBXNativeTarget "TestPodNumber1Tests" */ = {
			isa = XCConfigurationList;
			buildConfigurations = (
				6C8B74BC1D95714100820802 /* Debug */,
				6C8B74BD1D95714100820802 /* Release */,
			);
			defaultConfigurationIsVisible = 0;
		};
/* End XCConfigurationList section */
	};
	rootObject = 6C8B74931D95714000820802 /* Project object */;
}
